
Microsoft Visual Studio Solution File, Format Version 12.00
# Visual Studio Version 17
VisualStudioVersion = 17.0.31903.59
MinimumVisualStudioVersion = 10.0.40219.1
Project("{FAE04EC0-301F-11D3-BF4B-00C04F79EFBC}") = "RulesEngine", "RulesEngine\RulesEngine.csproj", "{613ADE20-B338-489C-AC76-01D947BA3A9B}"
EndProject
Global
	GlobalSection(SolutionConfigurationPlatforms) = preSolution
		Debug|Any CPU = Debug|Any CPU
		Release|Any CPU = Release|Any CPU
	EndGlobalSection
	GlobalSection(SolutionProperties) = preSolution
		HideSolutionNode = FALSE
	EndGlobalSection
	GlobalSection(ProjectConfigurationPlatforms) = postSolution
		{613ADE20-B338-489C-AC76-01D947BA3A9B}.Debug|Any CPU.ActiveCfg = Debug|Any CPU
		{613ADE20-B338-489C-AC76-01D947BA3A9B}.Debug|Any CPU.Build.0 = Debug|Any CPU
		{613ADE20-B338-489C-AC76-01D947BA3A9B}.Release|Any CPU.ActiveCfg = Release|Any CPU
		{613ADE20-B338-489C-AC76-01D947BA3A9B}.Release|Any CPU.Build.0 = Release|Any CPU
	EndGlobalSection
EndGlobal
